
Microsoft Visual Studio Solution File, Format Version 12.00
# Visual Studio 15
VisualStudioVersion = 15.0.28307.421
MinimumVisualStudioVersion = 10.0.40219.1
Project("{FAE04EC0-301F-11D3-BF4B-00C04F79EFBC}") = "Augustine.IDP", "Augustine.IDP\Augustine.IDP.csproj", "{2E9A2323-A830-4667-956C-CAD271604A14}"
EndProject
Global
	GlobalSection(SolutionConfigurationPlatforms) = preSolution
		Debug|Any CPU = Debug|Any CPU
		Release|Any CPU = Release|Any CPU
	EndGlobalSection
	GlobalSection(ProjectConfigurationPlatforms) = postSolution
		{2E9A2323-A830-4667-956C-CAD271604A14}.Debug|Any CPU.ActiveCfg = Debug|Any CPU
		{2E9A2323-A830-4667-956C-CAD271604A14}.Debug|Any CPU.Build.0 = Debug|Any CPU
		{2E9A2323-A830-4667-956C-CAD271604A14}.Release|Any CPU.ActiveCfg = Release|Any CPU
		{2E9A2323-A830-4667-956C-CAD271604A14}.Release|Any CPU.Build.0 = Release|Any CPU
	EndGlobalSection
	GlobalSection(SolutionProperties) = preSolution
		HideSolutionNode = FALSE
	EndGlobalSection
	GlobalSection(ExtensibilityGlobals) = postSolution
		SolutionGuid = {3101C2BA-F291-4D40-B702-2B789CEDC54F}
	EndGlobalSection
EndGlobal
